# This file is autogenerated, do not edit; changes may be undone by the next 'dep ensure'.


[[projects]]
  digest = "1:b8d7c4205fb2f607091f0a792d0ec478cb755870d9dceb5ed159d477b0020295"
  name = "github.com/miekg/dns"
  packages = ["."]
  pruneopts = "UT"
  revision = "787fb05a250f045a0c3e676c8c499ed412633f45"
  version = "v1.0.1"

[[projects]]
  branch = "master"
  digest = "1:d5891c5bca9c62e5d394ca26491d2b710a1dc08cedeb0ca8f9ac4c3305120b02"
  name = "golang.org/x/crypto"
  packages = [
    "ed25519",
    "ed25519/internal/edwards25519",
  ]
  pruneopts = "UT"
  revision = "22d7a77e9e5f409e934ed268692e56707cd169e5"

[[projects]]
  branch = "master"
  digest = "1:90ed1fcd8b34d2f6f0e3a2b3dfd40f7ef0f2ff12b66eac8bca9725f79ea84212"
  name = "golang.org/x/net"
  packages = [
    "bpf",
    "internal/iana",
    "internal/socket",
    "ipv4",
    "ipv6",
  ]
  pruneopts = "UT"
  revision = "f3200d17e092c607f615320ecaad13d87ad9a2b3"

[[projects]]
  branch = "master"
  digest = "1:94c860578f679ed05a51f2062266ed10a2a4fa7f79987cad7e1556b2d33d9a37"
  name = "golang.org/x/sys"
  packages = [
    "unix",
    "windows",
  ]
  pruneopts = "UT"
  revision = "9cd6430ef91e39e1a0ec0470cf1321a33ef1b887"

[solve-meta]
  analyzer-name = "dep"
  analyzer-version = 1
  input-imports = ["github.com/miekg/dns"]
  solver-name = "gps-cdcl"
  solver-version = 1
